
Microsoft Visual Studio Solution File, Format Version 12.00
# Visual Studio Version 17
VisualStudioVersion = 17.5.002.0
MinimumVisualStudioVersion = 10.0.40219.1
Project("{9A19103F-16F7-4668-BE54-9A1E7A4F7556}") = "Итоговая аттестация", "Итоговая аттестация.csproj", "{D0889D12-519B-4B3D-8324-B791DCDB571F}"
EndProject
Global
	GlobalSection(SolutionConfigurationPlatforms) = preSolution
		Debug|Any CPU = Debug|Any CPU
		Release|Any CPU = Release|Any CPU
	EndGlobalSection
	GlobalSection(ProjectConfigurationPlatforms) = postSolution
		{D0889D12-519B-4B3D-8324-B791DCDB571F}.Debug|Any CPU.ActiveCfg = Debug|Any CPU
		{D0889D12-519B-4B3D-8324-B791DCDB571F}.Debug|Any CPU.Build.0 = Debug|Any CPU
		{D0889D12-519B-4B3D-8324-B791DCDB571F}.Release|Any CPU.ActiveCfg = Release|Any CPU
		{D0889D12-519B-4B3D-8324-B791DCDB571F}.Release|Any CPU.Build.0 = Release|Any CPU
	EndGlobalSection
	GlobalSection(SolutionProperties) = preSolution
		HideSolutionNode = FALSE
	EndGlobalSection
	GlobalSection(ExtensibilityGlobals) = postSolution
		SolutionGuid = {3E5FFE48-CE69-4B46-9272-8333C827C5C8}
	EndGlobalSection
EndGlobal
